cloud.google.com/go v0.26.0/go.mod h1:aQUYkXzVsufM+DwF1aE+0xfcU+56JwCaLick0ClmMTw=
github.com/BurntSushi/toml v0.3.1/go.mod h1:xHWCNGjB5oqiDr8zfno3MHue2Ht5sIBksp03qcyfWMU=
github.com/census-instrumentation/opencensus-proto v0.2.1/go.mod h1:f6KPmirojxKA12rnyqOA5BBL4O983OfeGPqjHWSTneU=
github.com/client9/misspell v0.3.4/go.mod h1:qj6jICC3Q7zFZvVWo7KLAzC3yx5G7kyvSDkc90ppPyw=
github.com/cncf/udpa/go v0.0.0-20191209042840-269d4d468f6f/go.mod h1:M8M6+tZqaGXZJjfX53e64911xZQV5JYwmTeXPW+k8Sc=
github.com/djherbis/times v1.5.0 h1:79myA211VwPhFTqUk8xehWrsEO+zcIZj0zT8mXPVARU=
github.com/djherbis/times v1.5.0/go.mod h1:5q7FDLvbNg1L/KaBmPcWlVR9NmoKo3+ucqUA3ijQhA0=
github.com/docker/go-units v0.5.0 h1:69rxXcBk27SvSaaxTtLh/8llcHD8vYHT7WSdRZ/jvr4=
github.com/docker/go-units v0.5.0/go.mod h1:fgPhTUdO+D/Jk86RDLlptpiXQzgHJF7gydDDbaIK4Dk=
github.com/envoyproxy/go-control-plane v0.9.0/go.mod h1:YTl/9mNaCwkRvm6d1a2C3ymFceY/DCBVvsKhRF0iEA4=
github.com/envoyproxy/go-control-plane v0.9.4/go.mod h1:6rpuAdCZL397s3pYoYcLgu1mIlRU8Am5FuJP05cCM98=
github.com/envoyproxy/protoc-gen-validate v0.1.0/go.mod h1:iSmxcyjqTsJpI2R4NaDN7+kN2VEUnK/pcBlmesArF7c=
github.com/golang/glog v0.0.0-20160126235308-23def4e6c14b/go.mod h1:SBH7ygxi8pfUlaOkMMuAQtPIUF8ecWP5IEl/CR7VP2Q=
github.com/golang/mock v1.1.1/go.mod h1:oTYuIxOrZwtPieC+H1uAHpcLFnEyAGVDL/k47Jfbm0A=
github.com/golang/protobuf v1.2.0/go.mod h1:6lQm79b+lXiMfvg/cZm0SGofjICqVBUtrP5yJMmIC1U=
github.com/golang/protobuf v1.3.2/go.mod h1:6lQm79b+lXiMfvg/cZm0SGofjICqVBUtrP5yJMmIC1U=
github.com/golang/protobuf v1.3.3/go.mod h1:vzj43D7+SQXF/4pzW/hwtAqwc6iTitCiVSaWz5lYuqw=
github.com/golang/protobuf v1.4.0-rc.1/go.mod h1:ceaxUfeHdC40wWswd/P6IGgMaK3YpKi5j83Wpe3EHw8=
github.com/golang/protobuf v1.4.0-rc.1.0.20200221234624-67d41d38c208/go.mod h1:xKAWHe0F5eneWXFV3EuXVDTCmh+JuBKY0li0aMyXATA=
github.com/golang/protobuf v1.4.0-rc.2/go.mod h1:LlEzMj4AhA7rCAGe4KMBDvJI+AwstrUpVNzEA03Pprs=
github.com/golang/protobuf v1.4.0-rc.4.0.20200313231945-b860323f09d0/go.mod h1:WU3c8KckQ9AFe+yFwt9sWVRKCVIyN9cPHBJSNnbL67w=
github.com/golang/protobuf v1.4.0/go.mod h1:jodUvKwWbYaEsadDk5Fwe5c77LiNKVO9IDvqG2KuDX0=
github.com/golang/protobuf v1.4.2/go.mod h1:oDoupMAO8OvCJWAcko0GGGIgR6R6ocIYbsSw735rRwI=
github.com/google/go-cmp v0.2.0/go.mod h1:oXzfMopK8JAjlY9xF4vHSVASa0yLyX7SntLO5aqRK0M=
github.com/google/go-cmp v0.3.0/go.mod h1:8QqcDgzrUqlUb/G2PQTWiueGozuR1884gddMywk6iLU=
github.com/google/go-cmp v0.3.1/go.mod h1:8QqcDgzrUqlUb/G2PQTWiueGozuR1884gddMywk6iLU=
github.com/google/go-cmp v0.4.0/go.mod h1:v8dTdLbMG2kIc/vJvl+f65V22dbkXbowE6jgT/gNBxE=
github.com/google/gopacket v1.1.19 h1:ves8RnFZPGiFnTS0uPQStjwru6uO6h+nlr9j6fL7kF8=
github.com/google/gopacket v1.1.19/go.mod h1:iJ8V8n6KS+z2U1A8pUwu8bW5SyEMkXJB8Yo/Vo+TKTo=
github.com/google/uuid v1.3.0 h1:t6JiXgmwXMjEs8VusXIJk2BXHsn+wx8BZdTaoZ5fu7I=
github.com/google/uuid v1.3.0/go.mod h1:TIyPZe4MgqvfeYDBFedMoGGpEw/LqOeaOT+nhxU+yHo=
github.com/inhies/go-bytesize v0.0.0-20220417184213-4913239db9cf h1:FtEj8sfIcaaBfAKrE1Cwb61YDtYq9JxChK1c7AKce7s=
github.com/inhies/go-bytesize v0.0.0-20220417184213-4913239db9cf/go.mod h1:yrqSXGoD/4EKfF26AOGzscPOgTTJcyAwM2rpixWT+t4=
github.com/klauspost/cpuid/v2 v2.0.14 h1:QRqdp6bb9M9S5yyKeYteXKuoKE4p0tGlra81fKOpWH8=
github.com/klauspost/cpuid/v2 v2.0.14/go.mod h1:g2LTdtYhdyuGPqyWyv7qRAmj1WBqxuObKfj5c0PQa7c=
github.com/klauspost/reedsolomon v1.10.0 h1:MonMtg979rxSHjwtsla5dZLhreS0Lu42AyQ20bhjIGg=
github.com/klauspost/reedsolomon v1.10.0/go.mod h1:qHMIzMkuZUWqIh8mS/GruPdo3u0qwX2jk/LH440ON7Y=
github.com/mdlayher/watchdog v0.0.0-20221003142519-49be0df7b3b5 h1:80FAK3TW5lVymfHu3kvB1QvTZvy9Kmx1lx6sT5Ep16s=
github.com/mdlayher/watchdog v0.0.0-20221003142519-49be0df7b3b5/go.mod h1:z0QjVpjpK4jksEkffQwS3+abQ3XFTm1bnimyDzWyUk0=
github.com/pkg/errors v0.9.1 h1:FEBLx1zS214owpjy7qsBeixbURkuhQAwrK5UwLGTwt4=
github.com/pkg/errors v0.9.1/go.mod h1:bwawxfHBFNV+L2hUp1rHADufV3IMtnDRdf1r5NINEl0=
github.com/prometheus/client_model v0.0.0-20190812154241-14fe0d1b01d4/go.mod h1:xMI15A0UPsDsEKsMN9yxemIoYk6Tm2C1GtYGdfGttqA=
github.com/pschou/go-flowfile v0.0.0-20230217132317-d5607a8ab1a6 h1:Cf7uUIaUBwsy2Q7/aYZpCSNb7aAyXDPjaevvOPKZSjE=
github.com/pschou/go-flowfile v0.0.0-20230217132317-d5607a8ab1a6/go.mod h1:cuARYtqKJHs6lo8DKEKKJShLp3nQ/I2HMchsYuk0T5M=
github.com/pschou/go-flowfile v0.0.0-20230217202742-86998b34350d h1:ltMhka+QIGCA/+0uwhLYH8y6msvOgxyD8cxrsYdXrZM=
github.com/pschou/go-flowfile v0.0.0-20230217202742-86998b34350d/go.mod h1:Vmw8w5CKyfIUVBbY64hdDVZtmsMwOOZ/A1beyW5G/cg=
github.com/pschou/go-flowfile v0.0.0-20230220201635-9ea050cfd400 h1:D5rnCEJdumGg7t5Zqz89zd11kza2Tg9ltdung/lLscU=
github.com/pschou/go-flowfile v0.0.0-20230220201635-9ea050cfd400/go.mod h1:HUbPm7/Wh2nnp9tQ4WF8EJVT4WCXL2FOeha+0alCHBY=
github.com/pschou/go-flowfile v0.0.0-20230221133435-4709abba5aa3 h1:5tSZl6eXg2qqk2NYMmxqNjwM6bVE8YcPJo2wzo2VsDw=
github.com/pschou/go-flowfile v0.0.0-20230221133435-4709abba5aa3/go.mod h1:HUbPm7/Wh2nnp9tQ4WF8EJVT4WCXL2FOeha+0alCHBY=
github.com/pschou/go-flowfile v0.0.0-20230221135825-ffac0cda7bff h1:DKtKmzATEw42ODOGTL1lD6hiV8kk+Wkgnvfh0+T/4Uk=
github.com/pschou/go-flowfile v0.0.0-20230221135825-ffac0cda7bff/go.mod h1:HUbPm7/Wh2nnp9tQ4WF8EJVT4WCXL2FOeha+0alCHBY=
github.com/pschou/go-iothrottler v0.0.0-20230213180241-30159f7b06f5 h1:4dFqgoL1FBZ3K14f5ETV8pmq2dakB6rfZYnUlqyCx50=
github.com/pschou/go-iothrottler v0.0.0-20230213180241-30159f7b06f5/go.mod h1:WHzAHzehWSrkxTzDdC4hy9aZSJsRfDuN7M/WPdAOi8M=
github.com/pschou/go-iothrottler v0.0.0-20230218203057-113f8a0a0017 h1:RrI+dwE1ujincZbknj7w1SarVyDjPLsjVlWYRkP1OTE=
github.com/pschou/go-iothrottler v0.0.0-20230218203057-113f8a0a0017/go.mod h1:WHzAHzehWSrkxTzDdC4hy9aZSJsRfDuN7M/WPdAOi8M=
github.com/pschou/go-iothrottler v0.0.0-20230219020448-88264a6f4eb6 h1:B0YVEM/4YrMs1YlSQcBTwfKwLELvR5Q6B4CEEkokF9c=
github.com/pschou/go-iothrottler v0.0.0-20230219020448-88264a6f4eb6/go.mod h1:WHzAHzehWSrkxTzDdC4hy9aZSJsRfDuN7M/WPdAOi8M=
github.com/pschou/go-iothrottler v0.0.0-20230219023204-9f984ea32e61 h1:Kr4xDrRAPkhu9FLwi+CZ43sezmX4fGF6126sEvCdsKI=
github.com/pschou/go-iothrottler v0.0.0-20230219023204-9f984ea32e61/go.mod h1:WHzAHzehWSrkxTzDdC4hy9aZSJsRfDuN7M/WPdAOi8M=
github.com/pschou/go-numstr v0.0.0-20230217202549-c04767600335 h1:S5kYiM8Zr1m8WVw17FS09KLHwTWbX6rQVIGpY30atbw=
github.com/pschou/go-numstr v0.0.0-20230217202549-c04767600335/go.mod h1:MgqHolZYrsOEHmo/Pnv/W7p3NhLugbZTzCZ8y/rDE5k=
github.com/pschou/go-sorting/numstr v0.0.0-20230218015952-a2a98f172ba3 h1:V2fr/o1j1eq5Ml2DsLJt7HkstDyCQaaD0uKLf0lG8Ws=
github.com/pschou/go-sorting/numstr v0.0.0-20230218015952-a2a98f172ba3/go.mod h1:a31xFqyNamV1xh89pQLw9bLm0NClaBLZApDJ2OR7xHk=
github.com/pschou/go-unixmode v0.0.0-20230220171951-6cc0f71bba04 h1:o8kCWgFXWZ3NQ4AKNjotTotXvd/FCoa5+szh5SLwtVk=
github.com/pschou/go-unixmode v0.0.0-20230220171951-6cc0f71bba04/go.mod h1:/3Puf7C+6x6sALyEzj/vteGTkIDGe0xIr53eSneT3hs=
github.com/pschou/go-unixmode v0.0.0-20230220173508-01b7b0a10108 h1:t3bZViUVTD/RNUsRQ2YiCMmu6CkVu/DbGTlZdjZbYdA=
github.com/pschou/go-unixmode v0.0.0-20230220173508-01b7b0a10108/go.mod h1:/3Puf7C+6x6sALyEzj/vteGTkIDGe0xIr53eSneT3hs=
github.com/pschou/go-unixmode v0.0.0-20230220173801-c9d1873c7897 h1:1KhS8hNsa3NIPz7V9lWT22STD9b/hjWwfcP9kVUZXc4=
github.com/pschou/go-unixmode v0.0.0-20230220173801-c9d1873c7897/go.mod h1:/3Puf7C+6x6sALyEzj/vteGTkIDGe0xIr53eSneT3hs=
github.com/pschou/go-unixmode v0.0.0-20230220175846-36c303b0a918 h1:kNXQrdvUVhf4wVuBzOwr+z9RfK5ezngKKqDnIIpPutE=
github.com/pschou/go-unixmode v0.0.0-20230220175846-36c303b0a918/go.mod h1:/3Puf7C+6x6sALyEzj/vteGTkIDGe0xIr53eSneT3hs=
github.com/pschou/go-unixmode v0.0.0-20230220182007-45ba1a255036 h1:uyfyexokV4GtLz68de7bgoILgcuNE+Xrqud6PqmZniY=
github.com/pschou/go-unixmode v0.0.0-20230220182007-45ba1a255036/go.mod h1:/3Puf7C+6x6sALyEzj/vteGTkIDGe0xIr53eSneT3hs=
github.com/pschou/go-unixmode v0.0.0-20230220190519-e1a482c7010f h1:oEo5EV/G+ItgdIFmKQVwGT61DHHEG2hjACl6y4rsWmE=
github.com/pschou/go-unixmode v0.0.0-20230220190519-e1a482c7010f/go.mod h1:/3Puf7C+6x6sALyEzj/vteGTkIDGe0xIr53eSneT3hs=
github.com/pschou/go-unixmode v0.0.0-20230220191216-799ff0056480 h1:gECdFxaLxn33vBbgRYb0JkqCLck/bYqCDIRjc8fR6Uw=
github.com/pschou/go-unixmode v0.0.0-20230220191216-799ff0056480/go.mod h1:/3Puf7C+6x6sALyEzj/vteGTkIDGe0xIr53eSneT3hs=
github.com/pschou/go-unixmode v0.0.0-20230220191411-3828898b2c82 h1:6LzxRsEJ7kMaGIjP9lIfjN1ddJmaPiZcnqOhIcS7+6k=
github.com/pschou/go-unixmode v0.0.0-20230220191411-3828898b2c82/go.mod h1:/3Puf7C+6x6sALyEzj/vteGTkIDGe0xIr53eSneT3hs=
github.com/pschou/go-unixmode v0.0.0-20230221004251-7a0fafe94b39 h1:xnl3q4yNUy5P4ckWEjjXEQdjVvdldT5QAWKCbWGzJcs=
github.com/pschou/go-unixmode v0.0.0-20230221004251-7a0fafe94b39/go.mod h1:/3Puf7C+6x6sALyEzj/vteGTkIDGe0xIr53eSneT3hs=
github.com/pschou/go-unixmode v0.0.0-20230221010515-d14c1c1b2888 h1:Edw1q4Tpj4+OBGhAprhJ9rBHJwdNE60kpAh5B8VIQY4=
github.com/pschou/go-unixmode v0.0.0-20230221010515-d14c1c1b2888/go.mod h1:/3Puf7C+6x6sALyEzj/vteGTkIDGe0xIr53eSneT3hs=
github.com/relvacode/iso8601 v1.3.0 h1:HguUjsGpIMh/zsTczGN3DVJFxTU/GX+MMmzcKoMO7ko=
github.com/relvacode/iso8601 v1.3.0/go.mod h1:FlNp+jz+TXpyRqgmM7tnzHHzBnz776kmAH2h3sZCn0I=
github.com/remeh/sizedwaitgroup v1.0.0 h1:VNGGFwNo/R5+MJBf6yrsr110p0m4/OX4S3DCy7Kyl5E=
github.com/remeh/sizedwaitgroup v1.0.0/go.mod h1:3j2R4OIe/SeS6YDhICBy22RWjJC5eNCJ1V+9+NVNYlo=
github.com/templexxx/cpufeat v0.0.0-20180724012125-cef66df7f161 h1:89CEmDvlq/F7SJEOqkIdNDGJXrQIhuIx9D2DBXjavSU=
github.com/templexxx/cpufeat v0.0.0-20180724012125-cef66df7f161/go.mod h1:wM7WEvslTq+iOEAMDLSzhVuOt5BRZ05WirO+b09GHQU=
github.com/templexxx/xor v0.0.0-20191217153810-f85b25db303b h1:fj5tQ8acgNUr6O8LEplsxDhUIe2573iLkJc+PqnzZTI=
github.com/templexxx/xor v0.0.0-20191217153810-f85b25db303b/go.mod h1:5XA7W9S6mni3h5uvOC75dA3m9CCCaS83lltmc0ukdi4=
github.com/tjfoc/gmsm v1.4.1 h1:aMe1GlZb+0bLjn+cKTPEvvn9oUEBlJitaZiiBwsbgho=
github.com/tjfoc/gmsm v1.4.1/go.mod h1:j4INPkHWMrhJb38G+J6W4Tw0AbuN8Thu3PbdVYhVcTE=
github.com/xtaci/kcp-go v5.4.20+incompatible h1:TN1uey3Raw0sTz0Fg8GkfM0uH3YwzhnZWQ1bABv5xAg=
github.com/xtaci/kcp-go v5.4.20+incompatible/go.mod h1:bN6vIwHQbfHaHtFpEssmWsN45a+AZwO7eyRCmEIbtvE=
github.com/xtaci/lossyconn v0.0.0-20190602105132-8df528c0c9ae h1:J0GxkO96kL4WF+AIT3M4mfUVinOCPgf2uUWYFUzN0sM=
github.com/xtaci/lossyconn v0.0.0-20190602105132-8df528c0c9ae/go.mod h1:gXtu8J62kEgmN++bm9BVICuT/e8yiLI2KFobd/TRFsE=
golang.org/x/crypto v0.0.0-20190308221718-c2843e01d9a2/go.mod h1:djNgcEr1/C05ACkg1iLfiJU5Ep61QUkGW8qpdssI0+w=
golang.org/x/crypto v0.0.0-20191011191535-87dc89f01550/go.mod h1:yigFU9vqHzYiE8UmvKecakEJjdnWj3jj499lnFckfCI=
golang.org/x/crypto v0.0.0-20200622213623-75b288015ac9/go.mod h1:LzIPMQfyMNhhGPhUkYOs5KpL4U8rLKemX1yGLhDgUto=
golang.org/x/crypto v0.0.0-20201012173705-84dcc777aaee/go.mod h1:LzIPMQfyMNhhGPhUkYOs5KpL4U8rLKemX1yGLhDgUto=
golang.org/x/crypto v0.6.0 h1:qfktjS5LUO+fFKeJXZ+ikTRijMmljikvG68fpMMruSc=
golang.org/x/crypto v0.6.0/go.mod h1:OFC/31mSvZgRz0V1QTNCzfAI1aIRzbiufJtkMIlEp58=
golang.org/x/exp v0.0.0-20190121172915-509febef88a4/go.mod h1:CJ0aWSM057203Lf6IL+f9T1iT9GByDxfZKAQTCR3kQA=
golang.org/x/lint v0.0.0-20181026193005-c67002cb31c3/go.mod h1:UVdnD1Gm6xHRNCYTkRU2/jEulfH38KcIWyp/GAMgvoE=
golang.org/x/lint v0.0.0-20190227174305-5b3e6a55c961/go.mod h1:wehouNa3lNwaWXcvxsM5YxQ5yQlVC4a0KAMCusXpPoU=
golang.org/x/lint v0.0.0-20190313153728-d0100b6bd8b3/go.mod h1:6SW0HCj/g11FgYtHlgUYUwCkIfeOF89ocIRzGO/8vkc=
golang.org/x/lint v0.0.0-20200302205851-738671d3881b/go.mod h1:3xt1FjdF8hUf6vQPIChWIBhFzV8gjjsPE/fR3IyQdNY=
golang.org/x/mod v0.1.1-0.20191105210325-c90efee705ee/go.mod h1:QqPTAvyqsEbceGzBzNggFXnrqF1CaUcvgkdR5Ot7KZg=
golang.org/x/net v0.0.0-20180724234803-3673e40ba225/go.mod h1:mL1N/T3taQHkDXs73rZJwtUhF3w3ftmwwsq0BUmARs4=
golang.org/x/net v0.0.0-20180826012351-8a410e7b638d/go.mod h1:mL1N/T3taQHkDXs73rZJwtUhF3w3ftmwwsq0BUmARs4=
golang.org/x/net v0.0.0-20190213061140-3a22650c66bd/go.mod h1:mL1N/T3taQHkDXs73rZJwtUhF3w3ftmwwsq0BUmARs4=
golang.org/x/net v0.0.0-20190311183353-d8887717615a/go.mod h1:t9HGtf8HONx5eT2rtn7q6eTqICYqUVnKs3thJo3Qplg=
golang.org/x/net v0.0.0-20190404232315-eb5bcb51f2a3/go.mod h1:t9HGtf8HONx5eT2rtn7q6eTqICYqUVnKs3thJo3Qplg=
golang.org/x/net v0.0.0-20190620200207-3b0461eec859/go.mod h1:z5CRVTTTmAJ677TzLLGU+0bjPO0LkuOLi4/5GtJWs/s=
golang.org/x/net v0.0.0-20201010224723-4f7140c49acb/go.mod h1:sp8m0HH+o8qH0wwXwYZr8TS3Oi6o0r6Gce1SSxlDquU=
golang.org/x/net v0.6.0 h1:L4ZwwTvKW9gr0ZMS1yrHD9GZhIuVjOBBnaKH+SPQK0Q=
golang.org/x/net v0.6.0/go.mod h1:2Tu9+aMcznHK/AK1HMvgo6xiTLG5rD5rZLDS+rp2Bjs=
golang.org/x/oauth2 v0.0.0-20180821212333-d2e6202438be/go.mod h1:N/0e6XlmueqKjAGxoOufVs8QHGRruUQn6yWY3a++T0U=
golang.org/x/sync v0.0.0-20180314180146-1d60e4601c6f/go.mod h1:RxMgew5VJxzue5/jJTE5uejpjVlOe/izrB70Jof72aM=
golang.org/x/sync v0.0.0-20181108010431-42b317875d0f/go.mod h1:RxMgew5VJxzue5/jJTE5uejpjVlOe/izrB70Jof72aM=
golang.org/x/sync v0.0.0-20190423024810-112230192c58/go.mod h1:RxMgew5VJxzue5/jJTE5uejpjVlOe/izrB70Jof72aM=
golang.org/x/sys v0.0.0-20180830151530-49385e6e1522/go.mod h1:STP8DvDyc/dI5b8T5hshtkjS+E42TnysNCUPdjciGhY=
golang.org/x/sys v0.0.0-20190215142949-d0b11bdaac8a/go.mod h1:STP8DvDyc/dI5b8T5hshtkjS+E42TnysNCUPdjciGhY=
golang.org/x/sys v0.0.0-20190412213103-97732733099d/go.mod h1:h1NjWce9XRLGQEsW7wpKNCjG9DtNlClVuFLEZdDNbEs=
golang.org/x/sys v0.0.0-20200930185726-fdedc70b468f/go.mod h1:h1NjWce9XRLGQEsW7wpKNCjG9DtNlClVuFLEZdDNbEs=
golang.org/x/sys v0.5.0 h1:MUK/U/4lj1t1oPg0HfuXDN/Z1wv31ZJ/YcPiGccS4DU=
golang.org/x/sys v0.5.0/go.mod h1:oPkhp1MJrh7nUepCBck5+mAzfO9JrbApNNgaTdGDITg=
golang.org/x/text v0.3.0/go.mod h1:NqM8EUOU14njkJ3fqMW+pc6Ldnwhi/IjpwHt7yyuwOQ=
golang.org/x/text v0.3.3/go.mod h1:5Zoc/QRtKVWzQhOtBMvqHzDpF6irO9z98xDceosuGiQ=
golang.org/x/tools v0.0.0-20180917221912-90fa682c2a6e/go.mod h1:n7NCudcB/nEzxVGmLbDWY5pfWTLqBcC2KZ6jyYvM4mQ=
golang.org/x/tools v0.0.0-20190114222345-bf090417da8b/go.mod h1:n7NCudcB/nEzxVGmLbDWY5pfWTLqBcC2KZ6jyYvM4mQ=
golang.org/x/tools v0.0.0-20190226205152-f727befe758c/go.mod h1:9Yl7xja0Znq3iFh3HoIrodX9oNMXvdceNzlUR8zjMvY=
golang.org/x/tools v0.0.0-20190311212946-11955173bddd/go.mod h1:LCzVGOaR6xXOjkQ3onu1FJEFr0SW1gC7cKk1uF8kGRs=
golang.org/x/tools v0.0.0-20190524140312-2c0ae7006135/go.mod h1:RgjU9mgBXZiqYHBnxXauZ1Gv1EHHAz9KjViQ78xBX0Q=
golang.org/x/tools v0.0.0-20200130002326-2f3ba24bd6e7/go.mod h1:TB2adYChydJhpapKDTa4BR/hXlZSLoq2Wpct/0txZ28=
golang.org/x/xerrors v0.0.0-20191011141410-1b5146add898/go.mod h1:I/5z698sn9Ka8TeJc9MKroUUfqBBauWjQqLJ2OPfmY0=
golang.org/x/xerrors v0.0.0-20191204190536-9bdfabe68543/go.mod h1:I/5z698sn9Ka8TeJc9MKroUUfqBBauWjQqLJ2OPfmY0=
google.golang.org/appengine v1.1.0/go.mod h1:EbEs0AVv82hx2wNQdGPgUI5lhzA/G0D9YwlJXL52JkM=
google.golang.org/appengine v1.4.0/go.mod h1:xpcJRLb0r/rnEns0DIKYYv+WjYCduHsrkT7/EB5XEv4=
google.golang.org/genproto v0.0.0-20180817151627-c66870c02cf8/go.mod h1:JiN7NxoALGmiZfu7CAH4rXhgtRTLTxftemlI0sWmxmc=
google.golang.org/genproto v0.0.0-20190819201941-24fa4b261c55/go.mod h1:DMBHOl98Agz4BDEuKkezgsaosCRResVns1a3J2ZsMNc=
google.golang.org/grpc v1.19.0/go.mod h1:mqu4LbDTu4XGKhr4mRzUsmM4RtVoemTSY81AxZiDr8c=
google.golang.org/grpc v1.23.0/go.mod h1:Y5yQAOtifL1yxbo5wqy6BxZv8vAUGQwXBOALyacEbxg=
google.golang.org/grpc v1.25.1/go.mod h1:c3i+UQWmh7LiEpx4sFZnkU36qjEYZ0imhYfXVyQciAY=
google.golang.org/grpc v1.31.0/go.mod h1:N36X2cJ7JwdamYAgDz+s+rVMFjt3numwzf/HckM8pak=
google.golang.org/protobuf v0.0.0-20200109180630-ec00e32a8dfd/go.mod h1:DFci5gLYBciE7Vtevhsrf46CRTquxDuWsQurQQe4oz8=
google.golang.org/protobuf v0.0.0-20200221191635-4d8936d0db64/go.mod h1:kwYJMbMJ01Woi6D6+Kah6886xMZcty6N08ah7+eCXa0=
google.golang.org/protobuf v0.0.0-20200228230310-ab0ca4ff8a60/go.mod h1:cfTl7dwQJ+fmap5saPgwCLgHXTUD7jkjRqWcaiX5VyM=
google.golang.org/protobuf v1.20.1-0.20200309200217-e05f789c0967/go.mod h1:A+miEFZTKqfCUM6K7xSMQL9OKL/b6hQv+e19PK+JZNE=
google.golang.org/protobuf v1.21.0/go.mod h1:47Nbq4nVaFHyn7ilMalzfO3qCViNmqZ2kzikPIcrTAo=
google.golang.org/protobuf v1.23.0/go.mod h1:EGpADcykh3NcUnDUJcl1+ZksZNG86OlYog2l/sGQquU=
honnef.co/go/tools v0.0.0-20190102054323-c2f93a96b099/go.mod h1:rf3lG4BRIbNafJWhAfAdb/ePZxsR/4RtNHQocxwk9r4=
honnef.co/go/tools v0.0.0-20190523083050-ea95bdfd59fc/go.mod h1:rf3lG4BRIbNafJWhAfAdb/ePZxsR/4RtNHQocxwk9r4=
